
Microsoft Visual Studio Solution File, Format Version 12.00
# Visual Studio Version 17
VisualStudioVersion = 17.3.32929.385
MinimumVisualStudioVersion = 10.0.40219.1
Project("{2150E333-8FDC-42A3-9474-1A3956D46DE8}") = "Solution Items", "Solution Items", "{FFE8529B-55C4-4E15-B937-A6FEE1E9C5BA}"
	ProjectSection(SolutionItems) = preProject
		docs\Publishing.txt = docs\Publishing.txt
	EndProjectSection
EndProject
Project("{2150E333-8FDC-42A3-9474-1A3956D46DE8}") = "src", "src", "{0553FC7C-D8CC-444A-970D-CB3B064020F5}"
EndProject
Project("{2150E333-8FDC-42A3-9474-1A3956D46DE8}") = "tests", "tests", "{3BD96AEC-23A5-44DF-ABBE-82E683AB587E}"
EndProject
Project("{9A19103F-16F7-4668-BE54-9A1E7A4F7556}") = "NuvTools.AspNetCore", "src\NuvTools.AspNetCore\NuvTools.AspNetCore.csproj", "{77571ABE-3EF7-403F-ACCC-68B539B02AB6}"
EndProject
Project("{9A19103F-16F7-4668-BE54-9A1E7A4F7556}") = "NuvTools.AspNetCore.EntityFrameworkCore", "src\NuvTools.AspNetCore.EntityFrameworkCore\NuvTools.AspNetCore.EntityFrameworkCore.csproj", "{A4C3BE0D-A233-4026-9AE9-8B1395418E1A}"
EndProject
Global
	GlobalSection(SolutionConfigurationPlatforms) = preSolution
		Debug|Any CPU = Debug|Any CPU
		Release|Any CPU = Release|Any CPU
	EndGlobalSection
	GlobalSection(ProjectConfigurationPlatforms) = postSolution
		{77571ABE-3EF7-403F-ACCC-68B539B02AB6}.Debug|Any CPU.ActiveCfg = Debug|Any CPU
		{77571ABE-3EF7-403F-ACCC-68B539B02AB6}.Debug|Any CPU.Build.0 = Debug|Any CPU
		{77571ABE-3EF7-403F-ACCC-68B539B02AB6}.Release|Any CPU.ActiveCfg = Release|Any CPU
		{77571ABE-3EF7-403F-ACCC-68B539B02AB6}.Release|Any CPU.Build.0 = Release|Any CPU
		{A4C3BE0D-A233-4026-9AE9-8B1395418E1A}.Debug|Any CPU.ActiveCfg = Debug|Any CPU
		{A4C3BE0D-A233-4026-9AE9-8B1395418E1A}.Debug|Any CPU.Build.0 = Debug|Any CPU
		{A4C3BE0D-A233-4026-9AE9-8B1395418E1A}.Release|Any CPU.ActiveCfg = Release|Any CPU
		{A4C3BE0D-A233-4026-9AE9-8B1395418E1A}.Release|Any CPU.Build.0 = Release|Any CPU
	EndGlobalSection
	GlobalSection(SolutionProperties) = preSolution
		HideSolutionNode = FALSE
	EndGlobalSection
	GlobalSection(NestedProjects) = preSolution
		{77571ABE-3EF7-403F-ACCC-68B539B02AB6} = {0553FC7C-D8CC-444A-970D-CB3B064020F5}
		{A4C3BE0D-A233-4026-9AE9-8B1395418E1A} = {0553FC7C-D8CC-444A-970D-CB3B064020F5}
	EndGlobalSection
	GlobalSection(ExtensibilityGlobals) = postSolution
		SolutionGuid = {BF8E6A9B-D224-46ED-9C99-E6DD796B4CC9}
	EndGlobalSection
EndGlobal
